
Microsoft Visual Studio Solution File, Format Version 12.00
# Visual Studio Version 17
VisualStudioVersion = 17.9.34902.65
MinimumVisualStudioVersion = 10.0.40219.1
Project("{9A19103F-16F7-4668-BE54-9A1E7A4F7556}") = "TicketingSystem", "TicketingSystem.csproj", "{25CEBD35-D100-4EE0-AFF3-EB7CFC5F8DE2}"
EndProject
Project("{9A19103F-16F7-4668-BE54-9A1E7A4F7556}") = "TicketingSystemLibrary", "..\TicketingSystemLibrary\TicketingSystemLibrary.csproj", "{74579F1F-703F-4E07-AA96-84D3EA5574A6}"
EndProject
Project("{9A19103F-16F7-4668-BE54-9A1E7A4F7556}") = "TicketingSystemAPI", "..\TicketingSystemAPI\TicketingSystemAPI.csproj", "{D5D027D1-1340-4977-88AD-73E933A66C6A}"
EndProject
Project("{FAE04EC0-301F-11D3-BF4B-00C04F79EFBC}") = "TicketingSystemApp", "..\TicketingSystemApp\TicketingSystemApp.csproj", "{54D4F924-BDF4-4B1F-B370-92461302AB57}"
EndProject
Global
	GlobalSection(SolutionConfigurationPlatforms) = preSolution
		Debug|Any CPU = Debug|Any CPU
		Release|Any CPU = Release|Any CPU
	EndGlobalSection
	GlobalSection(ProjectConfigurationPlatforms) = postSolution
		{25CEBD35-D100-4EE0-AFF3-EB7CFC5F8DE2}.Debug|Any CPU.ActiveCfg = Debug|Any CPU
		{25CEBD35-D100-4EE0-AFF3-EB7CFC5F8DE2}.Debug|Any CPU.Build.0 = Debug|Any CPU
		{25CEBD35-D100-4EE0-AFF3-EB7CFC5F8DE2}.Release|Any CPU.ActiveCfg = Release|Any CPU
		{25CEBD35-D100-4EE0-AFF3-EB7CFC5F8DE2}.Release|Any CPU.Build.0 = Release|Any CPU
		{74579F1F-703F-4E07-AA96-84D3EA5574A6}.Debug|Any CPU.ActiveCfg = Debug|Any CPU
		{74579F1F-703F-4E07-AA96-84D3EA5574A6}.Debug|Any CPU.Build.0 = Debug|Any CPU
		{74579F1F-703F-4E07-AA96-84D3EA5574A6}.Release|Any CPU.ActiveCfg = Release|Any CPU
		{74579F1F-703F-4E07-AA96-84D3EA5574A6}.Release|Any CPU.Build.0 = Release|Any CPU
		{D5D027D1-1340-4977-88AD-73E933A66C6A}.Debug|Any CPU.ActiveCfg = Debug|Any CPU
		{D5D027D1-1340-4977-88AD-73E933A66C6A}.Debug|Any CPU.Build.0 = Debug|Any CPU
		{D5D027D1-1340-4977-88AD-73E933A66C6A}.Release|Any CPU.ActiveCfg = Release|Any CPU
		{D5D027D1-1340-4977-88AD-73E933A66C6A}.Release|Any CPU.Build.0 = Release|Any CPU
		{54D4F924-BDF4-4B1F-B370-92461302AB57}.Debug|Any CPU.ActiveCfg = Debug|Any CPU
		{54D4F924-BDF4-4B1F-B370-92461302AB57}.Debug|Any CPU.Build.0 = Debug|Any CPU
		{54D4F924-BDF4-4B1F-B370-92461302AB57}.Debug|Any CPU.Deploy.0 = Debug|Any CPU
		{54D4F924-BDF4-4B1F-B370-92461302AB57}.Release|Any CPU.ActiveCfg = Release|Any CPU
		{54D4F924-BDF4-4B1F-B370-92461302AB57}.Release|Any CPU.Build.0 = Release|Any CPU
		{54D4F924-BDF4-4B1F-B370-92461302AB57}.Release|Any CPU.Deploy.0 = Release|Any CPU
	EndGlobalSection
	GlobalSection(SolutionProperties) = preSolution
		HideSolutionNode = FALSE
	EndGlobalSection
	GlobalSection(ExtensibilityGlobals) = postSolution
		SolutionGuid = {36C1239F-8EEA-43FD-A427-0E8485D1B37D}
	EndGlobalSection
EndGlobal
